
Microsoft Visual Studio Solution File, Format Version 12.00
# Visual Studio 15
VisualStudioVersion = 15.0.27703.2035
MinimumVisualStudioVersion = 10.0.40219.1
Project("{9A19103F-16F7-4668-BE54-9A1E7A4F7556}") = "Talon.Api.Testing", "XUnitTestProject1\Talon.Api.Testing.csproj", "{5B718E05-967A-4401-942A-DF43C61A956C}"
EndProject
Global
	GlobalSection(SolutionConfigurationPlatforms) = preSolution
		Debug|Any CPU = Debug|Any CPU
		Release|Any CPU = Release|Any CPU
	EndGlobalSection
	GlobalSection(ProjectConfigurationPlatforms) = postSolution
		{5B718E05-967A-4401-942A-DF43C61A956C}.Debug|Any CPU.ActiveCfg = Debug|Any CPU
		{5B718E05-967A-4401-942A-DF43C61A956C}.Debug|Any CPU.Build.0 = Debug|Any CPU
		{5B718E05-967A-4401-942A-DF43C61A956C}.Release|Any CPU.ActiveCfg = Release|Any CPU
		{5B718E05-967A-4401-942A-DF43C61A956C}.Release|Any CPU.Build.0 = Release|Any CPU
	EndGlobalSection
	GlobalSection(SolutionProperties) = preSolution
		HideSolutionNode = FALSE
	EndGlobalSection
	GlobalSection(ExtensibilityGlobals) = postSolution
		SolutionGuid = {46000B63-DFB7-4E61-BD92-4C424FBDA7B3}
	EndGlobalSection
EndGlobal
